// !$*UTF8*$!
{
	archiveVersion = 1;
	classes = {
	};
	objectVersion = 50;
	objects = {

/* Begin PBXBuildFile section */
		6DE248C024ADE71700832CD6 /* AppDelegate.m in Sources */ = {isa = PBXBuildFile; fileRef = 6DE248BF24ADE71700832CD6 /* AppDelegate.m */; };
		6DE248C324ADE71700832CD6 /* SceneDelegate.m in Sources */ = {isa = PBXBuildFile; fileRef = 6DE248C224ADE71700832CD6 /* SceneDelegate.m */; };
		6DE248C624ADE71700832CD6 /* ViewController.m in Sources */ = {isa = PBXBuildFile; fileRef = 6DE248C524ADE71700832CD6 /* ViewController.m */; };
		6DE248C924ADE71700832CD6 /* Main.storyboard in Resources */ = {isa = PBXBuildFile; fileRef = 6DE248C724ADE71700832CD6 /* Main.storyboard */; };
		6DE248CB24ADE71900832CD6 /* Assets.xcassets in Resources */ = {isa = PBXBuildFile; fileRef = 6DE248CA24ADE71900832CD6 /* Assets.xcassets */; };
		6DE248CE24ADE71900832CD6 /* LaunchScreen.storyboard in Resources */ = {isa = PBXBuildFile; fileRef = 6DE248CC24ADE71900832CD6 /* LaunchScreen.storyboard */; };
		6DE248D124ADE71900832CD6 /* main.m in Sources */ = {isa = PBXBuildFile; fileRef = 6DE248D024ADE71900832CD6 /* main.m */; };
		6DE248DA24ADE7BC00832CD6 /* FZInteractiveTransition.m in Sources */ = {isa = PBXBuildFile; fileRef = 6DE248D924ADE7BC00832CD6 /* FZInteractiveTransition.m */; };
		6DE248DF24ADE87500832CD6 /* UIView+ScreensShot.m in Sources */ = {isa = PBXBuildFile; fileRef = 6DE248DB24ADE87500832CD6 /* UIView+ScreensShot.m */; };
		6DE248E024ADE87500832CD6 /* UIImage+ImageEffects.m in Sources */ = {isa = PBXBuildFile; fileRef = 6DE248DC24ADE87500832CD6 /* UIImage+ImageEffects.m */; };
		6DE248E324ADEAFC00832CD6 /* FZTransitionRootViewController.m in Sources */ = {isa = PBXBuildFile; fileRef = 6DE248E224ADEAFC00832CD6 /* FZTransitionRootViewController.m */; };
		6DE248E624ADEB2400832CD6 /* FZTransitionSecondViewController.m in Sources */ = {isa = PBXBuildFile; fileRef = 6DE248E524ADEB2400832CD6 /* FZTransitionSecondViewController.m */; };
/* End PBXBuildFile section */

/* Begin PBXFileReference section */
		6DE248BB24ADE71700832CD6 /* TransitionAnimation.app */ = {isa = PBXFileReference; explicitFileType = wrapper.application; includeInIndex = 0; path = TransitionAnimation.app; sourceTree = BUILT_PRODUCTS_DIR; };
		6DE248BE24ADE71700832CD6 /* AppDelegate.h */ = {isa = PBXFileReference; lastKnownFileType = sourcecode.c.h; path = AppDelegate.h; sourceTree = "<group>"; };
		6DE248BF24ADE71700832CD6 /* AppDelegate.m */ = {isa = PBXFileReference; lastKnownFileType = sourcecode.c.objc; path = AppDelegate.m; sourceTree = "<group>"; };
		6DE248C124ADE71700832CD6 /* SceneDelegate.h */ = {isa = PBXFileReference; lastKnownFileType = sourcecode.c.h; path = SceneDelegate.h; sourceTree = "<group>"; };
		6DE248C224ADE71700832CD6 /* SceneDelegate.m */ = {isa = PBXFileReference; lastKnownFileType = sourcecode.c.objc; path = SceneDelegate.m; sourceTree = "<group>"; };
		6DE248C424ADE71700832CD6 /* ViewController.h */ = {isa = PBXFileReference; lastKnownFileType = sourcecode.c.h; path = ViewController.h; sourceTree = "<group>"; };
		6DE248C524ADE71700832CD6 /* ViewController.m */ = {isa = PBXFileReference; lastKnownFileType = sourcecode.c.objc; path = ViewController.m; sourceTree = "<group>"; };
		6DE248C824ADE71700832CD6 /* Base */ = {isa = PBXFileReference; lastKnownFileType = file.storyboard; name = Base; path = Base.lproj/Main.storyboard; sourceTree = "<group>"; };
		6DE248CA24ADE71900832CD6 /* Assets.xcassets */ = {isa = PBXFileReference; lastKnownFileType = folder.assetcatalog; path = Assets.xcassets; sourceTree = "<group>"; };
		6DE248CD24ADE71900832CD6 /* Base */ = {isa = PBXFileReference; lastKnownFileType = file.storyboard; name = Base; path = Base.lproj/LaunchScreen.storyboard; sourceTree = "<group>"; };
		6DE248CF24ADE71900832CD6 /* Info.plist */ = {isa = PBXFileReference; lastKnownFileType = text.plist.xml; path = Info.plist; sourceTree = "<group>"; };
		6DE248D024ADE71900832CD6 /* main.m */ = {isa = PBXFileReference; lastKnownFileType = sourcecode.c.objc; path = main.m; sourceTree = "<group>"; };
		6DE248D824ADE7BC00832CD6 /* FZInteractiveTransition.h */ = {isa = PBXFileReference; lastKnownFileType = sourcecode.c.h; path = FZInteractiveTransition.h; sourceTree = "<group>"; };
		6DE248D924ADE7BC00832CD6 /* FZInteractiveTransition.m */ = {isa = PBXFileReference; lastKnownFileType = sourcecode.c.objc; path = FZInteractiveTransition.m; sourceTree = "<group>"; };
		6DE248DB24ADE87500832CD6 /* UIView+ScreensShot.m */ = {isa = PBXFileReference; fileEncoding = 4; lastKnownFileType = sourcecode.c.objc; path = "UIView+ScreensShot.m"; sourceTree = "<group>"; };
		6DE248DC24ADE87500832CD6 /* UIImage+ImageEffects.m */ = {isa = PBXFileReference; fileEncoding = 4; lastKnownFileType = sourcecode.c.objc; path = "UIImage+ImageEffects.m"; sourceTree = "<group>"; };
		6DE248DD24ADE87500832CD6 /* UIView+ScreensShot.h */ = {isa = PBXFileReference; fileEncoding = 4; lastKnownFileType = sourcecode.c.h; path = "UIView+ScreensShot.h"; sourceTree = "<group>"; };
		6DE248DE24ADE87500832CD6 /* UIImage+ImageEffects.h */ = {isa = PBXFileReference; fileEncoding = 4; lastKnownFileType = sourcecode.c.h; path = "UIImage+ImageEffects.h"; sourceTree = "<group>"; };
		6DE248E124ADEAFC00832CD6 /* FZTransitionRootViewController.h */ = {isa = PBXFileReference; lastKnownFileType = sourcecode.c.h; path = FZTransitionRootViewController.h; sourceTree = "<group>"; };
		6DE248E224ADEAFC00832CD6 /* FZTransitionRootViewController.m */ = {isa = PBXFileReference; lastKnownFileType = sourcecode.c.objc; path = FZTransitionRootViewController.m; sourceTree = "<group>"; };
		6DE248E424ADEB2400832CD6 /* FZTransitionSecondViewController.h */ = {isa = PBXFileReference; lastKnownFileType = sourcecode.c.h; path = FZTransitionSecondViewController.h; sourceTree = "<group>"; };
		6DE248E524ADEB2400832CD6 /* FZTransitionSecondViewController.m */ = {isa = PBXFileReference; lastKnownFileType = sourcecode.c.objc; path = FZTransitionSecondViewController.m; sourceTree = "<group>"; };
/* End PBXFileReference section */

/* Begin PBXFrameworksBuildPhase section */
		6DE248B824ADE71700832CD6 /* Frameworks */ = {
			isa = PBXFrameworksBuildPhase;
			buildActionMask = 2147483647;
			files = (
			);
			runOnlyForDeploymentPostprocessing = 0;
		};
/* End PBXFrameworksBuildPhase section */

/* Begin PBXGroup section */
		6DE248B224ADE71700832CD6 = {
			isa = PBXGroup;
			children = (
				6DE248BD24ADE71700832CD6 /* TransitionAnimation */,
				6DE248BC24ADE71700832CD6 /* Products */,
			);
			sourceTree = "<group>";
		};
		6DE248BC24ADE71700832CD6 /* Products */ = {
			isa = PBXGroup;
			children = (
				6DE248BB24ADE71700832CD6 /* TransitionAnimation.app */,
			);
			name = Products;
			sourceTree = "<group>";
		};
		6DE248BD24ADE71700832CD6 /* TransitionAnimation */ = {
			isa = PBXGroup;
			children = (
				6DE248D724ADE79200832CD6 /* Transition */,
				6DE248BE24ADE71700832CD6 /* AppDelegate.h */,
				6DE248BF24ADE71700832CD6 /* AppDelegate.m */,
				6DE248C124ADE71700832CD6 /* SceneDelegate.h */,
				6DE248C224ADE71700832CD6 /* SceneDelegate.m */,
				6DE248C424ADE71700832CD6 /* ViewController.h */,
				6DE248C524ADE71700832CD6 /* ViewController.m */,
				6DE248C724ADE71700832CD6 /* Main.storyboard */,
				6DE248CA24ADE71900832CD6 /* Assets.xcassets */,
				6DE248CC24ADE71900832CD6 /* LaunchScreen.storyboard */,
				6DE248CF24ADE71900832CD6 /* Info.plist */,
				6DE248D024ADE71900832CD6 /* main.m */,
				6DE248E124ADEAFC00832CD6 /* FZTransitionRootViewController.h */,
				6DE248E224ADEAFC00832CD6 /* FZTransitionRootViewController.m */,
				6DE248E424ADEB2400832CD6 /* FZTransitionSecondViewController.h */,
				6DE248E524ADEB2400832CD6 /* FZTransitionSecondViewController.m */,
			);
			path = TransitionAnimation;
			sourceTree = "<group>";
		};
		6DE248D724ADE79200832CD6 /* Transition */ = {
			isa = PBXGroup;
			children = (
				6DE248DE24ADE87500832CD6 /* UIImage+ImageEffects.h */,
				6DE248DC24ADE87500832CD6 /* UIImage+ImageEffects.m */,
				6DE248DD24ADE87500832CD6 /* UIView+ScreensShot.h */,
				6DE248DB24ADE87500832CD6 /* UIView+ScreensShot.m */,
				6DE248D824ADE7BC00832CD6 /* FZInteractiveTransition.h */,
				6DE248D924ADE7BC00832CD6 /* FZInteractiveTransition.m */,
			);
			path = Transition;
			sourceTree = "<group>";
		};
/* End PBXGroup section */

/* Begin PBXNativeTarget section */
		6DE248BA24ADE71700832CD6 /* TransitionAnimation */ = {
			isa = PBXNativeTarget;
			buildConfigurationList = 6DE248D424ADE71900832CD6 /* Build configuration list for PBXNativeTarget "TransitionAnimation" */;
			buildPhases = (
				6DE248B724ADE71700832CD6 /* Sources */,
				6DE248B824ADE71700832CD6 /* Frameworks */,
				6DE248B924ADE71700832CD6 /* Resources */,
			);
			buildRules = (
			);
			dependencies = (
			);
			name = TransitionAnimation;
			productName = TransitionAnimation;
			productReference = 6DE248BB24ADE71700832CD6 /* TransitionAnimation.app */;
			productType = "com.apple.product-type.application";
		};
/* End PBXNativeTarget section */

/* Begin PBXProject section */
		6DE248B324ADE71700832CD6 /* Project object */ = {
			isa = PBXProject;
			attributes = {
				CLASSPREFIX = FZ;
				LastUpgradeCheck = 1150;
				ORGANIZATIONNAME = "张发政";
				TargetAttributes = {
					6DE248BA24ADE71700832CD6 = {
						CreatedOnToolsVersion = 11.5;
					};
				};
			};
			buildConfigurationList = 6DE248B624ADE71700832CD6 /* Build configuration list for PBXProject "TransitionAnimation" */;
			compatibilityVersion = "Xcode 9.3";
			developmentRegion = en;
			hasScannedForEncodings = 0;
			knownRegions = (
				en,
				Base,
			);
			mainGroup = 6DE248B224ADE71700832CD6;
			productRefGroup = 6DE248BC24ADE71700832CD6 /* Products */;
			projectDirPath = "";
			projectRoot = "";
			targets = (
				6DE248BA24ADE71700832CD6 /* TransitionAnimation */,
			);
		};
/* End PBXProject section */

/* Begin PBXResourcesBuildPhase section */
		6DE248B924ADE71700832CD6 /* Resources */ = {
			isa = PBXResourcesBuildPhase;
			buildActionMask = 2147483647;
			files = (
				6DE248CE24ADE71900832CD6 /* LaunchScreen.storyboard in Resources */,
				6DE248CB24ADE71900832CD6 /* Assets.xcassets in Resources */,
				6DE248C924ADE71700832CD6 /* Main.storyboard in Resources */,
			);
			runOnlyForDeploymentPostprocessing = 0;
		};
/* End PBXResourcesBuildPhase section */

/* Begin PBXSourcesBuildPhase section */
		6DE248B724ADE71700832CD6 /* Sources */ = {
			isa = PBXSourcesBuildPhase;
			buildActionMask = 2147483647;
			files = (
				6DE248C624ADE71700832CD6 /* ViewController.m in Sources */,
				6DE248C024ADE71700832CD6 /* AppDelegate.m in Sources */,
				6DE248E324ADEAFC00832CD6 /* FZTransitionRootViewController.m in Sources */,
				6DE248E624ADEB2400832CD6 /* FZTransitionSecondViewController.m in Sources */,
				6DE248E024ADE87500832CD6 /* UIImage+ImageEffects.m in Sources */,
				6DE248DA24ADE7BC00832CD6 /* FZInteractiveTransition.m in Sources */,
				6DE248D124ADE71900832CD6 /* main.m in Sources */,
				6DE248DF24ADE87500832CD6 /* UIView+ScreensShot.m in Sources */,
				6DE248C324ADE71700832CD6 /* SceneDelegate.m in Sources */,
			);
			runOnlyForDeploymentPostprocessing = 0;
		};
/* End PBXSourcesBuildPhase section */

/* Begin PBXVariantGroup section */
		6DE248C724ADE71700832CD6 /* Main.storyboard */ = {
			isa = PBXVariantGroup;
			children = (
				6DE248C824ADE71700832CD6 /* Base */,
			);
			name = Main.storyboard;
			sourceTree = "<group>";
		};
		6DE248CC24ADE71900832CD6 /* LaunchScreen.storyboard */ = {
			isa = PBXVariantGroup;
			children = (
				6DE248CD24ADE71900832CD6 /* Base */,
			);
			name = LaunchScreen.storyboard;
			sourceTree = "<group>";
		};
/* End PBXVariantGroup section */

/* Begin XCBuildConfiguration section */
		6DE248D224ADE71900832CD6 /* Debug */ = {
			isa = XCBuildConfiguration;
			buildSettings = {
				ALWAYS_SEARCH_USER_PATHS = NO;
				CLANG_ANALYZER_NONNULL = YES;
				CLANG_ANALYZER_NUMBER_OBJECT_CONVERSION = YES_AGGRESSIVE;
				CLANG_CXX_LANGUAGE_STANDARD = "gnu++14";
				CLANG_CXX_LIBRARY = "libc++";
				CLANG_ENABLE_MODULES = YES;
				CLANG_ENABLE_OBJC_ARC = YES;
				CLANG_ENABLE_OBJC_WEAK = YES;
				CLANG_WARN_BLOCK_CAPTURE_AUTORELEASING = YES;
				CLANG_WARN_BOOL_CONVERSION = YES;
				CLANG_WARN_COMMA = YES;
				CLANG_WARN_CONSTANT_CONVERSION = YES;
				CLANG_WARN_DEPRECATED_OBJC_IMPLEMENTATIONS = YES;
				CLANG_WARN_DIRECT_OBJC_ISA_USAGE = YES_ERROR;
				CLANG_WARN_DOCUMENTATION_COMMENTS = YES;
				CLANG_WARN_EMPTY_BODY = YES;
				CLANG_WARN_ENUM_CONVERSION = YES;
				CLANG_WARN_INFINITE_RECURSION = YES;
				CLANG_WARN_INT_CONVERSION = YES;
				CLANG_WARN_NON_LITERAL_NULL_CONVERSION = YES;
				CLANG_WARN_OBJC_IMPLICIT_RETAIN_SELF = YES;
				CLANG_WARN_OBJC_LITERAL_CONVERSION = YES;
				CLANG_WARN_OBJC_ROOT_CLASS = YES_ERROR;
				CLANG_WARN_RANGE_LOOP_ANALYSIS = YES;
				CLANG_WARN_STRICT_PROTOTYPES = YES;
				CLANG_WARN_SUSPICIOUS_MOVE = YES;
				CLANG_WARN_UNGUARDED_AVAILABILITY = YES_AGGRESSIVE;
				CLANG_WARN_UNREACHABLE_CODE = YES;
				CLANG_WARN__DUPLICATE_METHOD_MATCH = YES;
				COPY_PHASE_STRIP = NO;
				DEBUG_INFORMATION_FORMAT = dwarf;
				ENABLE_STRICT_OBJC_MSGSEND = YES;
				ENABLE_TESTABILITY = YES;
				GCC_C_LANGUAGE_STANDARD = gnu11;
				GCC_DYNAMIC_NO_PIC = NO;
				GCC_NO_COMMON_BLOCKS = YES;
				GCC_OPTIMIZATION_LEVEL = 0;
				GCC_PREPROCESSOR_DEFINITIONS = (
					"DEBUG=1",
					"$(inherited)",
				);
				GCC_WARN_64_TO_32_BIT_CONVERSION = YES;
				GCC_WARN_ABOUT_RETURN_TYPE = YES_ERROR;
				GCC_WARN_UNDECLARED_SELECTOR = YES;
				GCC_WARN_UNINITIALIZED_AUTOS = YES_AGGRESSIVE;
				GCC_WARN_UNUSED_FUNCTION = YES;
				GCC_WARN_UNUSED_VARIABLE = YES;
				IPHONEOS_DEPLOYMENT_TARGET = 13.5;
				MTL_ENABLE_DEBUG_INFO = INCLUDE_SOURCE;
				MTL_FAST_MATH = YES;
				ONLY_ACTIVE_ARCH = YES;
				SDKROOT = iphoneos;
			};
			name = Debug;
		};
		6DE248D324ADE71900832CD6 /* Release */ = {
			isa = XCBuildConfiguration;
			buildSettings = {
				ALWAYS_SEARCH_USER_PATHS = NO;
				CLANG_ANALYZER_NONNULL = YES;
				CLANG_ANALYZER_NUMBER_OBJECT_CONVERSION = YES_AGGRESSIVE;
				CLANG_CXX_LANGUAGE_STANDARD = "gnu++14";
				CLANG_CXX_LIBRARY = "libc++";
				CLANG_ENABLE_MODULES = YES;
				CLANG_ENABLE_OBJC_ARC = YES;
				CLANG_ENABLE_OBJC_WEAK = YES;
				CLANG_WARN_BLOCK_CAPTURE_AUTORELEASING = YES;
				CLANG_WARN_BOOL_CONVERSION = YES;
				CLANG_WARN_COMMA = YES;
				CLANG_WARN_CONSTANT_CONVERSION = YES;
				CLANG_WARN_DEPRECATED_OBJC_IMPLEMENTATIONS = YES;
				CLANG_WARN_DIRECT_OBJC_ISA_USAGE = YES_ERROR;
				CLANG_WARN_DOCUMENTATION_COMMENTS = YES;
				CLANG_WARN_EMPTY_BODY = YES;
				CLANG_WARN_ENUM_CONVERSION = YES;
				CLANG_WARN_INFINITE_RECURSION = YES;
				CLANG_WARN_INT_CONVERSION = YES;
				CLANG_WARN_NON_LITERAL_NULL_CONVERSION = YES;
				CLANG_WARN_OBJC_IMPLICIT_RETAIN_SELF = YES;
				CLANG_WARN_OBJC_LITERAL_CONVERSION = YES;
				CLANG_WARN_OBJC_ROOT_CLASS = YES_ERROR;
				CLANG_WARN_RANGE_LOOP_ANALYSIS = YES;
				CLANG_WARN_STRICT_PROTOTYPES = YES;
				CLANG_WARN_SUSPICIOUS_MOVE = YES;
				CLANG_WARN_UNGUARDED_AVAILABILITY = YES_AGGRESSIVE;
				CLANG_WARN_UNREACHABLE_CODE = YES;
				CLANG_WARN__DUPLICATE_METHOD_MATCH = YES;
				COPY_PHASE_STRIP = NO;
				DEBUG_INFORMATION_FORMAT = "dwarf-with-dsym";
				ENABLE_NS_ASSERTIONS = NO;
				ENABLE_STRICT_OBJC_MSGSEND = YES;
				GCC_C_LANGUAGE_STANDARD = gnu11;
				GCC_NO_COMMON_BLOCKS = YES;
				GCC_WARN_64_TO_32_BIT_CONVERSION = YES;
				GCC_WARN_ABOUT_RETURN_TYPE = YES_ERROR;
				GCC_WARN_UNDECLARED_SELECTOR = YES;
				GCC_WARN_UNINITIALIZED_AUTOS = YES_AGGRESSIVE;
				GCC_WARN_UNUSED_FUNCTION = YES;
				GCC_WARN_UNUSED_VARIABLE = YES;
				IPHONEOS_DEPLOYMENT_TARGET = 13.5;
				MTL_ENABLE_DEBUG_INFO = NO;
				MTL_FAST_MATH = YES;
				SDKROOT = iphoneos;
				VALIDATE_PRODUCT = YES;
			};
			name = Release;
		};
		6DE248D524ADE71900832CD6 /* Debug */ = {
			isa = XCBuildConfiguration;
			buildSettings = {
				ASSETCATALOG_COMPILER_APPICON_NAME = AppIcon;
				CODE_SIGN_STYLE = Automatic;
				DEVELOPMENT_TEAM = KNDF4U3289;
				INFOPLIST_FILE = TransitionAnimation/Info.plist;
				LD_RUNPATH_SEARCH_PATHS = (
					"$(inherited)",
					"@executable_path/Frameworks",
				);
				PRODUCT_BUNDLE_IDENTIFIER = Sitech.TransitionAnimation;
				PRODUCT_NAME = "$(TARGET_NAME)";
				TARGETED_DEVICE_FAMILY = "1,2";
			};
			name = Debug;
		};
		6DE248D624ADE71900832CD6 /* Release */ = {
			isa = XCBuildConfiguration;
			buildSettings = {
				ASSETCATALOG_COMPILER_APPICON_NAME = AppIcon;
				CODE_SIGN_STYLE = Automatic;
				DEVELOPMENT_TEAM = KNDF4U3289;
				INFOPLIST_FILE = TransitionAnimation/Info.plist;
				LD_RUNPATH_SEARCH_PATHS = (
					"$(inherited)",
					"@executable_path/Frameworks",
				);
				PRODUCT_BUNDLE_IDENTIFIER = Sitech.TransitionAnimation;
				PRODUCT_NAME = "$(TARGET_NAME)";
				TARGETED_DEVICE_FAMILY = "1,2";
			};
			name = Release;
		};
/* End XCBuildConfiguration section */

/* Begin XCConfigurationList section */
		6DE248B624ADE71700832CD6 /* Build configuration list for PBXProject "TransitionAnimation" */ = {
			isa = XCConfigurationList;
			buildConfigurations = (
				6DE248D224ADE71900832CD6 /* Debug */,
				6DE248D324ADE71900832CD6 /* Release */,
			);
			defaultConfigurationIsVisible = 0;
			defaultConfigurationName = Release;
		};
		6DE248D424ADE71900832CD6 /* Build configuration list for PBXNativeTarget "TransitionAnimation" */ = {
			isa = XCConfigurationList;
			buildConfigurations = (
				6DE248D524ADE71900832CD6 /* Debug */,
				6DE248D624ADE71900832CD6 /* Release */,
			);
			defaultConfigurationIsVisible = 0;
			defaultConfigurationName = Release;
		};
/* End XCConfigurationList section */
	};
	rootObject = 6DE248B324ADE71700832CD6 /* Project object */;
}
